
Microsoft Visual Studio Solution File, Format Version 12.00
# Visual Studio Version 17
VisualStudioVersion = 17.5.33516.290
MinimumVisualStudioVersion = 10.0.40219.1
Project("{9A19103F-16F7-4668-BE54-9A1E7A4F7556}") = "ASPN", "ASPN\ASPN.csproj", "{108ECE46-D37D-445E-9782-CA594B1F29BA}"
EndProject
Global
	GlobalSection(SolutionConfigurationPlatforms) = preSolution
		Debug|Any CPU = Debug|Any CPU
		Release|Any CPU = Release|Any CPU
	EndGlobalSection
	GlobalSection(ProjectConfigurationPlatforms) = postSolution
		{108ECE46-D37D-445E-9782-CA594B1F29BA}.Debug|Any CPU.ActiveCfg = Debug|Any CPU
		{108ECE46-D37D-445E-9782-CA594B1F29BA}.Debug|Any CPU.Build.0 = Debug|Any CPU
		{108ECE46-D37D-445E-9782-CA594B1F29BA}.Release|Any CPU.ActiveCfg = Release|Any CPU
		{108ECE46-D37D-445E-9782-CA594B1F29BA}.Release|Any CPU.Build.0 = Release|Any CPU
	EndGlobalSection
	GlobalSection(SolutionProperties) = preSolution
		HideSolutionNode = FALSE
	EndGlobalSection
	GlobalSection(ExtensibilityGlobals) = postSolution
		SolutionGuid = {ED68A315-BB5D-4346-A619-643161CDBC16}
	EndGlobalSection
EndGlobal
